
Microsoft Visual Studio Solution File, Format Version 12.00
# Visual Studio Version 16
VisualStudioVersion = 16.0.29326.143
MinimumVisualStudioVersion = 10.0.40219.1
Project("{2150E333-8FDC-42A3-9474-1A3956D46DE8}") = "src", "src", "{9257A462-7A62-43D4-83F5-77ACCB5FBA93}"
EndProject
Project("{9A19103F-16F7-4668-BE54-9A1E7A4F7556}") = "Common", "src\Common\Common.csproj", "{5A818E31-090F-4067-9D78-5461196B3897}"
EndProject
Project("{9A19103F-16F7-4668-BE54-9A1E7A4F7556}") = "Oauth", "src\Oauth\Oauth.csproj", "{94F80471-44CC-4294-96A8-4F8F1547D76F}"
EndProject
Project("{9A19103F-16F7-4668-BE54-9A1E7A4F7556}") = "Protobuf", "src\Protobuf\Protobuf.csproj", "{188E3664-8CDC-49D6-A130-6DDF97E9C956}"
EndProject
Project("{FAE04EC0-301F-11D3-BF4B-00C04F79EFBC}") = "ConsoleTester", "src\ConsoleTester\ConsoleTester.csproj", "{AC28388F-8994-4D10-B082-1BE9E5D1001B}"
EndProject
Global
	GlobalSection(SolutionConfigurationPlatforms) = preSolution
		Debug|Any CPU = Debug|Any CPU
		Release|Any CPU = Release|Any CPU
	EndGlobalSection
	GlobalSection(ProjectConfigurationPlatforms) = postSolution
		{5A818E31-090F-4067-9D78-5461196B3897}.Debug|Any CPU.ActiveCfg = Debug|Any CPU
		{5A818E31-090F-4067-9D78-5461196B3897}.Debug|Any CPU.Build.0 = Debug|Any CPU
		{5A818E31-090F-4067-9D78-5461196B3897}.Release|Any CPU.ActiveCfg = Release|Any CPU
		{5A818E31-090F-4067-9D78-5461196B3897}.Release|Any CPU.Build.0 = Release|Any CPU
		{94F80471-44CC-4294-96A8-4F8F1547D76F}.Debug|Any CPU.ActiveCfg = Debug|Any CPU
		{94F80471-44CC-4294-96A8-4F8F1547D76F}.Debug|Any CPU.Build.0 = Debug|Any CPU
		{94F80471-44CC-4294-96A8-4F8F1547D76F}.Release|Any CPU.ActiveCfg = Release|Any CPU
		{94F80471-44CC-4294-96A8-4F8F1547D76F}.Release|Any CPU.Build.0 = Release|Any CPU
		{188E3664-8CDC-49D6-A130-6DDF97E9C956}.Debug|Any CPU.ActiveCfg = Debug|Any CPU
		{188E3664-8CDC-49D6-A130-6DDF97E9C956}.Debug|Any CPU.Build.0 = Debug|Any CPU
		{188E3664-8CDC-49D6-A130-6DDF97E9C956}.Release|Any CPU.ActiveCfg = Release|Any CPU
		{188E3664-8CDC-49D6-A130-6DDF97E9C956}.Release|Any CPU.Build.0 = Release|Any CPU
		{AC28388F-8994-4D10-B082-1BE9E5D1001B}.Debug|Any CPU.ActiveCfg = Debug|Any CPU
		{AC28388F-8994-4D10-B082-1BE9E5D1001B}.Debug|Any CPU.Build.0 = Debug|Any CPU
		{AC28388F-8994-4D10-B082-1BE9E5D1001B}.Release|Any CPU.ActiveCfg = Release|Any CPU
		{AC28388F-8994-4D10-B082-1BE9E5D1001B}.Release|Any CPU.Build.0 = Release|Any CPU
	EndGlobalSection
	GlobalSection(SolutionProperties) = preSolution
		HideSolutionNode = FALSE
	EndGlobalSection
	GlobalSection(NestedProjects) = preSolution
		{5A818E31-090F-4067-9D78-5461196B3897} = {9257A462-7A62-43D4-83F5-77ACCB5FBA93}
		{94F80471-44CC-4294-96A8-4F8F1547D76F} = {9257A462-7A62-43D4-83F5-77ACCB5FBA93}
		{188E3664-8CDC-49D6-A130-6DDF97E9C956} = {9257A462-7A62-43D4-83F5-77ACCB5FBA93}
		{AC28388F-8994-4D10-B082-1BE9E5D1001B} = {9257A462-7A62-43D4-83F5-77ACCB5FBA93}
	EndGlobalSection
	GlobalSection(ExtensibilityGlobals) = postSolution
		SolutionGuid = {33CC079C-172C-4AE4-B5C6-E0DDBDEB6C9E}
	EndGlobalSection
EndGlobal
